// !$*UTF8*$!
{
	archiveVersion = 1;
	classes = {
	};
	objectVersion = 46;
	objects = {

/* Begin PBXBuildFile section */
		84037B9F1D0A2EFF005EBCAD /* NVTouchedNotifyVC.m in Sources */ = {isa = PBXBuildFile; fileRef = 84037B9E1D0A2EFF005EBCAD /* NVTouchedNotifyVC.m */; settings = {ASSET_TAGS = (); }; };
		840404FF1D29C03800BEFAEE /* UpYourDictionaryEn.sqlite in Resources */ = {isa = PBXBuildFile; fileRef = 840404FD1D29C03800BEFAEE /* UpYourDictionaryEn.sqlite */; settings = {ASSET_TAGS = (); }; };
		840405001D29C03800BEFAEE /* UpYourDictionaryRu.sqlite in Resources */ = {isa = PBXBuildFile; fileRef = 840404FE1D29C03800BEFAEE /* UpYourDictionaryRu.sqlite */; settings = {ASSET_TAGS = (); }; };
		840405031D29C65E00BEFAEE /* NVButton.m in Sources */ = {isa = PBXBuildFile; fileRef = 840405021D29C65E00BEFAEE /* NVButton.m */; settings = {ASSET_TAGS = (); }; };
		840405061D29CB8C00BEFAEE /* NVChooseDictThemeCell.m in Sources */ = {isa = PBXBuildFile; fileRef = 840405051D29CB8C00BEFAEE /* NVChooseDictThemeCell.m */; settings = {ASSET_TAGS = (); }; };
		84050DB41D148DFD00692347 /* NVYandexWebViewVC.m in Sources */ = {isa = PBXBuildFile; fileRef = 84050DB31D148DFD00692347 /* NVYandexWebViewVC.m */; settings = {ASSET_TAGS = (); }; };
		840986EB1D29EFCD00E15A70 /* Images in Resources */ = {isa = PBXBuildFile; fileRef = 840986E91D29EE0A00E15A70 /* Images */; };
		840B0BC81D1C1A68007D3C47 /* NVChooseActiveDictCell.m in Sources */ = {isa = PBXBuildFile; fileRef = 840B0BC71D1C1A68007D3C47 /* NVChooseActiveDictCell.m */; settings = {ASSET_TAGS = (); }; };
		840DC06B1D0B9179009C04E8 /* InfoPlist.strings in Resources */ = {isa = PBXBuildFile; fileRef = 840DC06D1D0B9179009C04E8 /* InfoPlist.strings */; };
		840DC0701D0B917A009C04E8 /* InfoPlist.strings in Resources */ = {isa = PBXBuildFile; fileRef = 840DC0721D0B917A009C04E8 /* InfoPlist.strings */; };
		840DC0751D0B917D009C04E8 /* InfoPlist.strings in Resources */ = {isa = PBXBuildFile; fileRef = 840DC0771D0B917D009C04E8 /* InfoPlist.strings */; };
		840DC07A1D0B917F009C04E8 /* Localizable.strings in Resources */ = {isa = PBXBuildFile; fileRef = 840DC07C1D0B917F009C04E8 /* Localizable.strings */; };
		843BCB6D1CEDE034000F30A3 /* NVCreateTemplateCell.m in Sources */ = {isa = PBXBuildFile; fileRef = 843BCB6C1CEDE034000F30A3 /* NVCreateTemplateCell.m */; settings = {ASSET_TAGS = (); }; };
		843BDE091D1C0EAA00F3FBB4 /* iconsUpYourDict29.png in Resources */ = {isa = PBXBuildFile; fileRef = 843BDE001D1C0EAA00F3FBB4 /* iconsUpYourDict29.png */; settings = {ASSET_TAGS = (); }; };
		843BDE0A1D1C0EAA00F3FBB4 /* iconsUpYourDict40.png in Resources */ = {isa = PBXBuildFile; fileRef = 843BDE011D1C0EAA00F3FBB4 /* iconsUpYourDict40.png */; settings = {ASSET_TAGS = (); }; };
		843BDE0B1D1C0EAA00F3FBB4 /* iconsUpYourDict58.png in Resources */ = {isa = PBXBuildFile; fileRef = 843BDE021D1C0EAA00F3FBB4 /* iconsUpYourDict58.png */; settings = {ASSET_TAGS = (); }; };
		843BDE0C1D1C0EAA00F3FBB4 /* iconsUpYourDict76.png in Resources */ = {isa = PBXBuildFile; fileRef = 843BDE031D1C0EAA00F3FBB4 /* iconsUpYourDict76.png */; settings = {ASSET_TAGS = (); }; };
		843BDE0D1D1C0EAA00F3FBB4 /* iconsUpYourDict80.png in Resources */ = {isa = PBXBuildFile; fileRef = 843BDE041D1C0EAA00F3FBB4 /* iconsUpYourDict80.png */; settings = {ASSET_TAGS = (); }; };
		843BDE0E1D1C0EAA00F3FBB4 /* iconsUpYourDict87.png in Resources */ = {isa = PBXBuildFile; fileRef = 843BDE051D1C0EAA00F3FBB4 /* iconsUpYourDict87.png */; settings = {ASSET_TAGS = (); }; };
		843BDE0F1D1C0EAA00F3FBB4 /* iconsUpYourDict120.png in Resources */ = {isa = PBXBuildFile; fileRef = 843BDE061D1C0EAA00F3FBB4 /* iconsUpYourDict120.png */; settings = {ASSET_TAGS = (); }; };
		843BDE101D1C0EAA00F3FBB4 /* iconsUpYourDict152.png in Resources */ = {isa = PBXBuildFile; fileRef = 843BDE071D1C0EAA00F3FBB4 /* iconsUpYourDict152.png */; settings = {ASSET_TAGS = (); }; };
		843BDE111D1C0EAA00F3FBB4 /* iconsUpYourDict180.png in Resources */ = {isa = PBXBuildFile; fileRef = 843BDE081D1C0EAA00F3FBB4 /* iconsUpYourDict180.png */; settings = {ASSET_TAGS = (); }; };
		843BDE171D1C112A00F3FBB4 /* LaunchImageUpYourDict640x960.png in Resources */ = {isa = PBXBuildFile; fileRef = 843BDE131D1C112A00F3FBB4 /* LaunchImageUpYourDict640x960.png */; settings = {ASSET_TAGS = (); }; };
		843BDE181D1C112A00F3FBB4 /* LaunchImageUpYourDict640x1136.png in Resources */ = {isa = PBXBuildFile; fileRef = 843BDE141D1C112A00F3FBB4 /* LaunchImageUpYourDict640x1136.png */; settings = {ASSET_TAGS = (); }; };
		843BDE191D1C112A00F3FBB4 /* LaunchImageUpYourDict768x1024.png in Resources */ = {isa = PBXBuildFile; fileRef = 843BDE151D1C112A00F3FBB4 /* LaunchImageUpYourDict768x1024.png */; settings = {ASSET_TAGS = (); }; };
		843BDE1A1D1C112A00F3FBB4 /* LaunchImageUpYourDict1536x2048.png in Resources */ = {isa = PBXBuildFile; fileRef = 843BDE161D1C112A00F3FBB4 /* LaunchImageUpYourDict1536x2048.png */; settings = {ASSET_TAGS = (); }; };
		844630801CEB977A004E0994 /* NVDataManager.m in Sources */ = {isa = PBXBuildFile; fileRef = 8446307F1CEB977A004E0994 /* NVDataManager.m */; settings = {ASSET_TAGS = (); }; };
		8446309C1CEBAC32004E0994 /* NVParentViewController.m in Sources */ = {isa = PBXBuildFile; fileRef = 8446309B1CEBAC32004E0994 /* NVParentViewController.m */; settings = {ASSET_TAGS = (); }; };
		8446309F1CEBAE22004E0994 /* NVChooseActiveDictVC.m in Sources */ = {isa = PBXBuildFile; fileRef = 8446309E1CEBAE22004E0994 /* NVChooseActiveDictVC.m */; settings = {ASSET_TAGS = (); }; };
		844630A21CEBBB1E004E0994 /* NVChooseDictThemeVC.m in Sources */ = {isa = PBXBuildFile; fileRef = 844630A11CEBBB1E004E0994 /* NVChooseDictThemeVC.m */; settings = {ASSET_TAGS = (); }; };
		844630A51CEBBB9A004E0994 /* NVCreateTemplateVC.m in Sources */ = {isa = PBXBuildFile; fileRef = 844630A41CEBBB9A004E0994 /* NVCreateTemplateVC.m */; settings = {ASSET_TAGS = (); }; };
		844630BD1CEBCAD3004E0994 /* NVDicts.m in Sources */ = {isa = PBXBuildFile; fileRef = 844630AF1CEBCAD3004E0994 /* NVDicts.m */; settings = {ASSET_TAGS = (); }; };
		844630BE1CEBCAD3004E0994 /* NVTemplates+CoreDataProperties.m in Sources */ = {isa = PBXBuildFile; fileRef = 844630B11CEBCAD3004E0994 /* NVTemplates+CoreDataProperties.m */; settings = {ASSET_TAGS = (); }; };
		844630BF1CEBCAD3004E0994 /* NVTemplates.m in Sources */ = {isa = PBXBuildFile; fileRef = 844630B31CEBCAD3004E0994 /* NVTemplates.m */; settings = {ASSET_TAGS = (); }; };
		844630C01CEBCAD3004E0994 /* NVWords+CoreDataProperties.m in Sources */ = {isa = PBXBuildFile; fileRef = 844630B51CEBCAD3004E0994 /* NVWords+CoreDataProperties.m */; settings = {ASSET_TAGS = (); }; };
		844630C11CEBCAD3004E0994 /* NVWords.m in Sources */ = {isa = PBXBuildFile; fileRef = 844630B71CEBCAD3004E0994 /* NVWords.m */; settings = {ASSET_TAGS = (); }; };
		844630C21CEBCAD3004E0994 /* NVContent+CoreDataProperties.m in Sources */ = {isa = PBXBuildFile; fileRef = 844630B91CEBCAD3004E0994 /* NVContent+CoreDataProperties.m */; settings = {ASSET_TAGS = (); }; };
		844630C31CEBCAD3004E0994 /* NVContent.m in Sources */ = {isa = PBXBuildFile; fileRef = 844630BB1CEBCAD3004E0994 /* NVContent.m */; settings = {ASSET_TAGS = (); }; };
		844B6EEE1CF72E5B00B093FA /* NVNotifyInUse+CoreDataProperties.m in Sources */ = {isa = PBXBuildFile; fileRef = 844B6EEB1CF72E5B00B093FA /* NVNotifyInUse+CoreDataProperties.m */; settings = {ASSET_TAGS = (); }; };
		844B6EEF1CF72E5B00B093FA /* NVNotifyInUse.m in Sources */ = {isa = PBXBuildFile; fileRef = 844B6EED1CF72E5B00B093FA /* NVNotifyInUse.m */; settings = {ASSET_TAGS = (); }; };
		844CC0971D2A7BD00091952C /* NVCommonManager.m in Sources */ = {isa = PBXBuildFile; fileRef = 844CC0961D2A7BD00091952C /* NVCommonManager.m */; settings = {ASSET_TAGS = (); }; };
		844CC0981D2AC4D80091952C /* Assets.xcassets in Resources */ = {isa = PBXBuildFile; fileRef = 845894411CE8BC3800D4FE35 /* Assets.xcassets */; settings = {ASSET_TAGS = (); }; };
		844E4EA91CEA508A0012AB04 /* NVLangFromVC.m in Sources */ = {isa = PBXBuildFile; fileRef = 844E4EA81CEA508A0012AB04 /* NVLangFromVC.m */; settings = {ASSET_TAGS = (); }; };
		844E4EAC1CEA50A90012AB04 /* NVLangToVC.m in Sources */ = {isa = PBXBuildFile; fileRef = 844E4EAB1CEA50A90012AB04 /* NVLangToVC.m */; settings = {ASSET_TAGS = (); }; };
		844FCFAE1CF475C100DCCA8A /* NVNotificationManager.m in Sources */ = {isa = PBXBuildFile; fileRef = 844FCFAD1CF475C100DCCA8A /* NVNotificationManager.m */; settings = {ASSET_TAGS = (); }; };
		844FE2681D2698950020215A /* NVStoreCell.m in Sources */ = {isa = PBXBuildFile; fileRef = 844FE2671D2698950020215A /* NVStoreCell.m */; settings = {ASSET_TAGS = (); }; };
		844FE26B1D26A9A50020215A /* RMStore.strings in Resources */ = {isa = PBXBuildFile; fileRef = 844FE26D1D26A9A50020215A /* RMStore.strings */; };
		8451201B1CF3B620007759F7 /* NVSettingsVC.m in Sources */ = {isa = PBXBuildFile; fileRef = 8451201A1CF3B620007759F7 /* NVSettingsVC.m */; settings = {ASSET_TAGS = (); }; };
		84524A1A1D2558640099D587 /* RMStore.m in Sources */ = {isa = PBXBuildFile; fileRef = 84524A151D2558640099D587 /* RMStore.m */; settings = {ASSET_TAGS = (); }; };
		84524A1C1D2558640099D587 /* RMStoreViewController.m in Sources */ = {isa = PBXBuildFile; fileRef = 84524A191D2558640099D587 /* RMStoreViewController.m */; settings = {ASSET_TAGS = (); }; };
		84524A1F1D255B9F0099D587 /* NVStoreVC.m in Sources */ = {isa = PBXBuildFile; fileRef = 84524A1E1D255B9F0099D587 /* NVStoreVC.m */; settings = {ASSET_TAGS = (); }; };
		845481EF1D2341DE00D90640 /* GoogleService-Info.plist in Resources */ = {isa = PBXBuildFile; fileRef = 845481EE1D2341DE00D90640 /* GoogleService-Info.plist */; settings = {ASSET_TAGS = (); }; };
		8456915F1CE9EDBB005E4AE1 /* NVServerManager.m in Sources */ = {isa = PBXBuildFile; fileRef = 8456915E1CE9EDBB005E4AE1 /* NVServerManager.m */; settings = {ASSET_TAGS = (); }; };
		845691621CE9F741005E4AE1 /* NVCreateNewDictVC.m in Sources */ = {isa = PBXBuildFile; fileRef = 845691611CE9F741005E4AE1 /* NVCreateNewDictVC.m */; settings = {ASSET_TAGS = (); }; };
		845691661CE9F8B2005E4AE1 /* NVChooseLangVC.m in Sources */ = {isa = PBXBuildFile; fileRef = 845691651CE9F8B2005E4AE1 /* NVChooseLangVC.m */; settings = {ASSET_TAGS = (); }; };
		845894341CE8BC3800D4FE35 /* main.m in Sources */ = {isa = PBXBuildFile; fileRef = 845894331CE8BC3800D4FE35 /* main.m */; };
		845894371CE8BC3800D4FE35 /* AppDelegate.m in Sources */ = {isa = PBXBuildFile; fileRef = 845894361CE8BC3800D4FE35 /* AppDelegate.m */; };
		845894401CE8BC3800D4FE35 /* UpYourDictionary.xcdatamodeld in Sources */ = {isa = PBXBuildFile; fileRef = 8458943E1CE8BC3800D4FE35 /* UpYourDictionary.xcdatamodeld */; };
		845894451CE8BC3800D4FE35 /* LaunchScreen.storyboard in Resources */ = {isa = PBXBuildFile; fileRef = 845894431CE8BC3800D4FE35 /* LaunchScreen.storyboard */; };
		845894501CE8BC3800D4FE35 /* UpYourDictionaryTests.m in Sources */ = {isa = PBXBuildFile; fileRef = 8458944F1CE8BC3800D4FE35 /* UpYourDictionaryTests.m */; };
		8458945B1CE8BC3800D4FE35 /* UpYourDictionaryUITests.m in Sources */ = {isa = PBXBuildFile; fileRef = 8458945A1CE8BC3800D4FE35 /* UpYourDictionaryUITests.m */; };
		845E96571D0B3E7E0011856C /* NVCreateDictCell.m in Sources */ = {isa = PBXBuildFile; fileRef = 845E96561D0B3E7E0011856C /* NVCreateDictCell.m */; settings = {ASSET_TAGS = (); }; };
		8461C64E1D1423F2007F7532 /* NVContainerVC.m in Sources */ = {isa = PBXBuildFile; fileRef = 8461C64D1D1423F2007F7532 /* NVContainerVC.m */; settings = {ASSET_TAGS = (); }; };
		8461C6511D146654007F7532 /* NVTouchedNotifyCell.m in Sources */ = {isa = PBXBuildFile; fileRef = 8461C6501D146654007F7532 /* NVTouchedNotifyCell.m */; settings = {ASSET_TAGS = (); }; };
		8462CDE11CEA4D0B00E742AC /* Main.storyboard in Resources */ = {isa = PBXBuildFile; fileRef = 8462CDDF1CEA4D0B00E742AC /* Main.storyboard */; settings = {ASSET_TAGS = (); }; };
		84D436131D1DB2FA00FB3F80 /* NVHowItWorksVC.m in Sources */ = {isa = PBXBuildFile; fileRef = 84D436121D1DB2FA00FB3F80 /* NVHowItWorksVC.m */; settings = {ASSET_TAGS = (); }; };
		84F2FDB21CEE619B00714DF0 /* NVMainStrategy.m in Sources */ = {isa = PBXBuildFile; fileRef = 84F2FDB11CEE619B00714DF0 /* NVMainStrategy.m */; settings = {ASSET_TAGS = (); }; };
		84F6A3C01CEFCCC2001F3CAC /* NVDicts+CoreDataProperties.m in Sources */ = {isa = PBXBuildFile; fileRef = 84F6A3BF1CEFCCC2001F3CAC /* NVDicts+CoreDataProperties.m */; settings = {ASSET_TAGS = (); }; };
		84F6A3C31CEFCFF6001F3CAC /* NVMenuVC.m in Sources */ = {isa = PBXBuildFile; fileRef = 84F6A3C21CEFCFF6001F3CAC /* NVMenuVC.m */; settings = {ASSET_TAGS = (); }; };
		EE9F8948D606212E771292C3 /* libPods.a in Frameworks */ = {isa = PBXBuildFile; fileRef = A34EF9EF8378CB4094847D2F /* libPods.a */; };
/* End PBXBuildFile section */

/* Begin PBXContainerItemProxy section */
		8458944C1CE8BC3800D4FE35 /* PBXContainerItemProxy */ = {
			isa = PBXContainerItemProxy;
			containerPortal = 845894271CE8BC3800D4FE35 /* Project object */;
			proxyType = 1;
			remoteGlobalIDString = 8458942E1CE8BC3800D4FE35;
			remoteInfo = UpYourDictionary;
		};
		845894571CE8BC3800D4FE35 /* PBXContainerItemProxy */ = {
			isa = PBXContainerItemProxy;
			containerPortal = 845894271CE8BC3800D4FE35 /* Project object */;
			proxyType = 1;
			remoteGlobalIDString = 8458942E1CE8BC3800D4FE35;
			remoteInfo = UpYourDictionary;
		};
/* End PBXContainerItemProxy section */

/* Begin PBXFileReference section */
		84037B9D1D0A2EFF005EBCAD /* NVTouchedNotifyVC.h */ = {isa = PBXFileReference; fileEncoding = 4; lastKnownFileType = sourcecode.c.h; path = NVTouchedNotifyVC.h; sourceTree = "<group>"; };
		84037B9E1D0A2EFF005EBCAD /* NVTouchedNotifyVC.m */ = {isa = PBXFileReference; fileEncoding = 4; lastKnownFileType = sourcecode.c.objc; path = NVTouchedNotifyVC.m; sourceTree = "<group>"; };
		840404FD1D29C03800BEFAEE /* UpYourDictionaryEn.sqlite */ = {isa = PBXFileReference; lastKnownFileType = file; path = UpYourDictionaryEn.sqlite; sourceTree = "<group>"; };
		840404FE1D29C03800BEFAEE /* UpYourDictionaryRu.sqlite */ = {isa = PBXFileReference; lastKnownFileType = file; path = UpYourDictionaryRu.sqlite; sourceTree = "<group>"; };
		840405011D29C65E00BEFAEE /* NVButton.h */ = {isa = PBXFileReference; fileEncoding = 4; lastKnownFileType = sourcecode.c.h; path = NVButton.h; sourceTree = "<group>"; };
		840405021D29C65E00BEFAEE /* NVButton.m */ = {isa = PBXFileReference; fileEncoding = 4; lastKnownFileType = sourcecode.c.objc; path = NVButton.m; sourceTree = "<group>"; };
		840405041D29CB8C00BEFAEE /* NVChooseDictThemeCell.h */ = {isa = PBXFileReference; fileEncoding = 4; lastKnownFileType = sourcecode.c.h; path = NVChooseDictThemeCell.h; sourceTree = "<group>"; };
		840405051D29CB8C00BEFAEE /* NVChooseDictThemeCell.m */ = {isa = PBXFileReference; fileEncoding = 4; lastKnownFileType = sourcecode.c.objc; path = NVChooseDictThemeCell.m; sourceTree = "<group>"; };
		84050DB21D148DFD00692347 /* NVYandexWebViewVC.h */ = {isa = PBXFileReference; fileEncoding = 4; lastKnownFileType = sourcecode.c.h; path = NVYandexWebViewVC.h; sourceTree = "<group>"; };
		84050DB31D148DFD00692347 /* NVYandexWebViewVC.m */ = {isa = PBXFileReference; fileEncoding = 4; lastKnownFileType = sourcecode.c.objc; path = NVYandexWebViewVC.m; sourceTree = "<group>"; };
		840986E91D29EE0A00E15A70 /* Images */ = {isa = PBXFileReference; lastKnownFileType = folder; path = Images; sourceTree = "<group>"; };
		840B0BC61D1C1A68007D3C47 /* NVChooseActiveDictCell.h */ = {isa = PBXFileReference; fileEncoding = 4; lastKnownFileType = sourcecode.c.h; path = NVChooseActiveDictCell.h; sourceTree = "<group>"; };
		840B0BC71D1C1A68007D3C47 /* NVChooseActiveDictCell.m */ = {isa = PBXFileReference; fileEncoding = 4; lastKnownFileType = sourcecode.c.objc; path = NVChooseActiveDictCell.m; sourceTree = "<group>"; };
		840DC0681D0B8A2A009C04E8 /* ru */ = {isa = PBXFileReference; lastKnownFileType = text.plist.strings; name = ru; path = ru.lproj/LaunchScreen.strings; sourceTree = "<group>"; };
		840DC06C1D0B9179009C04E8 /* ru */ = {isa = PBXFileReference; lastKnownFileType = text.plist.strings; name = ru; path = ru.lproj/InfoPlist.strings; sourceTree = "<group>"; };
		840DC0711D0B917A009C04E8 /* ru */ = {isa = PBXFileReference; lastKnownFileType = text.plist.strings; name = ru; path = ru.lproj/InfoPlist.strings; sourceTree = "<group>"; };
		840DC0761D0B917D009C04E8 /* ru */ = {isa = PBXFileReference; lastKnownFileType = text.plist.strings; name = ru; path = ru.lproj/InfoPlist.strings; sourceTree = "<group>"; };
		840DC07B1D0B917F009C04E8 /* ru */ = {isa = PBXFileReference; lastKnownFileType = text.plist.strings; name = ru; path = ru.lproj/Localizable.strings; sourceTree = "<group>"; };
		840DC07E1D0BA9FD009C04E8 /* ru */ = {isa = PBXFileReference; lastKnownFileType = text.plist.strings; name = ru; path = ru.lproj/Main.strings; sourceTree = "<group>"; };
		843468C81D2B29BA0036D0E7 /* UpYourDict-Prefix.pch */ = {isa = PBXFileReference; fileEncoding = 4; lastKnownFileType = sourcecode.c.h; path = "UpYourDict-Prefix.pch"; sourceTree = "<group>"; };
		843BCB6B1CEDE034000F30A3 /* NVCreateTemplateCell.h */ = {isa = PBXFileReference; fileEncoding = 4; lastKnownFileType = sourcecode.c.h; path = NVCreateTemplateCell.h; sourceTree = "<group>"; };
		843BCB6C1CEDE034000F30A3 /* NVCreateTemplateCell.m */ = {isa = PBXFileReference; fileEncoding = 4; lastKnownFileType = sourcecode.c.objc; path = NVCreateTemplateCell.m; sourceTree = "<group>"; };
		843BDE001D1C0EAA00F3FBB4 /* iconsUpYourDict29.png */ = {isa = PBXFileReference; lastKnownFileType = image.png; path = iconsUpYourDict29.png; sourceTree = "<group>"; };
		843BDE011D1C0EAA00F3FBB4 /* iconsUpYourDict40.png */ = {isa = PBXFileReference; lastKnownFileType = image.png; path = iconsUpYourDict40.png; sourceTree = "<group>"; };
		843BDE021D1C0EAA00F3FBB4 /* iconsUpYourDict58.png */ = {isa = PBXFileReference; lastKnownFileType = image.png; path = iconsUpYourDict58.png; sourceTree = "<group>"; };
		843BDE031D1C0EAA00F3FBB4 /* iconsUpYourDict76.png */ = {isa = PBXFileReference; lastKnownFileType = image.png; path = iconsUpYourDict76.png; sourceTree = "<group>"; };
		843BDE041D1C0EAA00F3FBB4 /* iconsUpYourDict80.png */ = {isa = PBXFileReference; lastKnownFileType = image.png; path = iconsUpYourDict80.png; sourceTree = "<group>"; };
		843BDE051D1C0EAA00F3FBB4 /* iconsUpYourDict87.png */ = {isa = PBXFileReference; lastKnownFileType = image.png; path = iconsUpYourDict87.png; sourceTree = "<group>"; };
		843BDE061D1C0EAA00F3FBB4 /* iconsUpYourDict120.png */ = {isa = PBXFileReference; lastKnownFileType = image.png; path = iconsUpYourDict120.png; sourceTree = "<group>"; };
		843BDE071D1C0EAA00F3FBB4 /* iconsUpYourDict152.png */ = {isa = PBXFileReference; lastKnownFileType = image.png; path = iconsUpYourDict152.png; sourceTree = "<group>"; };
		843BDE081D1C0EAA00F3FBB4 /* iconsUpYourDict180.png */ = {isa = PBXFileReference; lastKnownFileType = image.png; path = iconsUpYourDict180.png; sourceTree = "<group>"; };
		843BDE131D1C112A00F3FBB4 /* LaunchImageUpYourDict640x960.png */ = {isa = PBXFileReference; lastKnownFileType = image.png; path = LaunchImageUpYourDict640x960.png; sourceTree = "<group>"; };
		843BDE141D1C112A00F3FBB4 /* LaunchImageUpYourDict640x1136.png */ = {isa = PBXFileReference; lastKnownFileType = image.png; path = LaunchImageUpYourDict640x1136.png; sourceTree = "<group>"; };
		843BDE151D1C112A00F3FBB4 /* LaunchImageUpYourDict768x1024.png */ = {isa = PBXFileReference; lastKnownFileType = image.png; path = LaunchImageUpYourDict768x1024.png; sourceTree = "<group>"; };
		843BDE161D1C112A00F3FBB4 /* LaunchImageUpYourDict1536x2048.png */ = {isa = PBXFileReference; lastKnownFileType = image.png; path = LaunchImageUpYourDict1536x2048.png; sourceTree = "<group>"; };
		8446307E1CEB977A004E0994 /* NVDataManager.h */ = {isa = PBXFileReference; fileEncoding = 4; lastKnownFileType = sourcecode.c.h; path = NVDataManager.h; sourceTree = "<group>"; };
		8446307F1CEB977A004E0994 /* NVDataManager.m */ = {isa = PBXFileReference; fileEncoding = 4; lastKnownFileType = sourcecode.c.objc; path = NVDataManager.m; sourceTree = "<group>"; };
		8446309A1CEBAC32004E0994 /* NVParentViewController.h */ = {isa = PBXFileReference; fileEncoding = 4; lastKnownFileType = sourcecode.c.h; path = NVParentViewController.h; sourceTree = "<group>"; };
		8446309B1CEBAC32004E0994 /* NVParentViewController.m */ = {isa = PBXFileReference; fileEncoding = 4; lastKnownFileType = sourcecode.c.objc; path = NVParentViewController.m; sourceTree = "<group>"; };
		8446309D1CEBAE22004E0994 /* NVChooseActiveDictVC.h */ = {isa = PBXFileReference; fileEncoding = 4; lastKnownFileType = sourcecode.c.h; path = NVChooseActiveDictVC.h; sourceTree = "<group>"; };
		8446309E1CEBAE22004E0994 /* NVChooseActiveDictVC.m */ = {isa = PBXFileReference; fileEncoding = 4; lastKnownFileType = sourcecode.c.objc; path = NVChooseActiveDictVC.m; sourceTree = "<group>"; };
		844630A01CEBBB1E004E0994 /* NVChooseDictThemeVC.h */ = {isa = PBXFileReference; fileEncoding = 4; lastKnownFileType = sourcecode.c.h; path = NVChooseDictThemeVC.h; sourceTree = "<group>"; };
		844630A11CEBBB1E004E0994 /* NVChooseDictThemeVC.m */ = {isa = PBXFileReference; fileEncoding = 4; lastKnownFileType = sourcecode.c.objc; path = NVChooseDictThemeVC.m; sourceTree = "<group>"; };
		844630A31CEBBB9A004E0994 /* NVCreateTemplateVC.h */ = {isa = PBXFileReference; fileEncoding = 4; lastKnownFileType = sourcecode.c.h; path = NVCreateTemplateVC.h; sourceTree = "<group>"; };
		844630A41CEBBB9A004E0994 /* NVCreateTemplateVC.m */ = {isa = PBXFileReference; fileEncoding = 4; lastKnownFileType = sourcecode.c.objc; path = NVCreateTemplateVC.m; sourceTree = "<group>"; };
		844630AE1CEBCAD3004E0994 /* NVDicts.h */ = {isa = PBXFileReference; fileEncoding = 4; lastKnownFileType = sourcecode.c.h; path = NVDicts.h; sourceTree = "<group>"; };
		844630AF1CEBCAD3004E0994 /* NVDicts.m */ = {isa = PBXFileReference; fileEncoding = 4; lastKnownFileType = sourcecode.c.objc; path = NVDicts.m; sourceTree = "<group>"; };
		844630B01CEBCAD3004E0994 /* NVTemplates+CoreDataProperties.h */ = {isa = PBXFileReference; fileEncoding = 4; lastKnownFileType = sourcecode.c.h; path = "NVTemplates+CoreDataProperties.h"; sourceTree = "<group>"; };
		844630B11CEBCAD3004E0994 /* NVTemplates+CoreDataProperties.m */ = {isa = PBXFileReference; fileEncoding = 4; lastKnownFileType = sourcecode.c.objc; path = "NVTemplates+CoreDataProperties.m"; sourceTree = "<group>"; };
		844630B21CEBCAD3004E0994 /* NVTemplates.h */ = {isa = PBXFileReference; fileEncoding = 4; lastKnownFileType = sourcecode.c.h; path = NVTemplates.h; sourceTree = "<group>"; };
		844630B31CEBCAD3004E0994 /* NVTemplates.m */ = {isa = PBXFileReference; fileEncoding = 4; lastKnownFileType = sourcecode.c.objc; path = NVTemplates.m; sourceTree = "<group>"; };
		844630B41CEBCAD3004E0994 /* NVWords+CoreDataProperties.h */ = {isa = PBXFileReference; fileEncoding = 4; lastKnownFileType = sourcecode.c.h; path = "NVWords+CoreDataProperties.h"; sourceTree = "<group>"; };
		844630B51CEBCAD3004E0994 /* NVWords+CoreDataProperties.m */ = {isa = PBXFileReference; fileEncoding = 4; lastKnownFileType = sourcecode.c.objc; path = "NVWords+CoreDataProperties.m"; sourceTree = "<group>"; };
		844630B61CEBCAD3004E0994 /* NVWords.h */ = {isa = PBXFileReference; fileEncoding = 4; lastKnownFileType = sourcecode.c.h; path = NVWords.h; sourceTree = "<group>"; };
		844630B71CEBCAD3004E0994 /* NVWords.m */ = {isa = PBXFileReference; fileEncoding = 4; lastKnownFileType = sourcecode.c.objc; path = NVWords.m; sourceTree = "<group>"; };
		844630B81CEBCAD3004E0994 /* NVContent+CoreDataProperties.h */ = {isa = PBXFileReference; fileEncoding = 4; lastKnownFileType = sourcecode.c.h; path = "NVContent+CoreDataProperties.h"; sourceTree = "<group>"; };
		844630B91CEBCAD3004E0994 /* NVContent+CoreDataProperties.m */ = {isa = PBXFileReference; fileEncoding = 4; lastKnownFileType = sourcecode.c.objc; path = "NVContent+CoreDataProperties.m"; sourceTree = "<group>"; };
		844630BA1CEBCAD3004E0994 /* NVContent.h */ = {isa = PBXFileReference; fileEncoding = 4; lastKnownFileType = sourcecode.c.h; path = NVContent.h; sourceTree = "<group>"; };
		844630BB1CEBCAD3004E0994 /* NVContent.m */ = {isa = PBXFileReference; fileEncoding = 4; lastKnownFileType = sourcecode.c.objc; path = NVContent.m; sourceTree = "<group>"; };
		844B6EEA1CF72E5B00B093FA /* NVNotifyInUse+CoreDataProperties.h */ = {isa = PBXFileReference; fileEncoding = 4; lastKnownFileType = sourcecode.c.h; path = "NVNotifyInUse+CoreDataProperties.h"; sourceTree = "<group>"; };
		844B6EEB1CF72E5B00B093FA /* NVNotifyInUse+CoreDataProperties.m */ = {isa = PBXFileReference; fileEncoding = 4; lastKnownFileType = sourcecode.c.objc; path = "NVNotifyInUse+CoreDataProperties.m"; sourceTree = "<group>"; };
		844B6EEC1CF72E5B00B093FA /* NVNotifyInUse.h */ = {isa = PBXFileReference; fileEncoding = 4; lastKnownFileType = sourcecode.c.h; path = NVNotifyInUse.h; sourceTree = "<group>"; };
		844B6EED1CF72E5B00B093FA /* NVNotifyInUse.m */ = {isa = PBXFileReference; fileEncoding = 4; lastKnownFileType = sourcecode.c.objc; path = NVNotifyInUse.m; sourceTree = "<group>"; };
		844CC0951D2A7BD00091952C /* NVCommonManager.h */ = {isa = PBXFileReference; fileEncoding = 4; lastKnownFileType = sourcecode.c.h; path = NVCommonManager.h; sourceTree = "<group>"; };
		844CC0961D2A7BD00091952C /* NVCommonManager.m */ = {isa = PBXFileReference; fileEncoding = 4; lastKnownFileType = sourcecode.c.objc; path = NVCommonManager.m; sourceTree = "<group>"; };
		844E4EA71CEA508A0012AB04 /* NVLangFromVC.h */ = {isa = PBXFileReference; fileEncoding = 4; lastKnownFileType = sourcecode.c.h; path = NVLangFromVC.h; sourceTree = "<group>"; };
		844E4EA81CEA508A0012AB04 /* NVLangFromVC.m */ = {isa = PBXFileReference; fileEncoding = 4; lastKnownFileType = sourcecode.c.objc; path = NVLangFromVC.m; sourceTree = "<group>"; };
		844E4EAA1CEA50A90012AB04 /* NVLangToVC.h */ = {isa = PBXFileReference; fileEncoding = 4; lastKnownFileType = sourcecode.c.h; path = NVLangToVC.h; sourceTree = "<group>"; };
		844E4EAB1CEA50A90012AB04 /* NVLangToVC.m */ = {isa = PBXFileReference; fileEncoding = 4; lastKnownFileType = sourcecode.c.objc; path = NVLangToVC.m; sourceTree = "<group>"; };
		844FCFAC1CF475C100DCCA8A /* NVNotificationManager.h */ = {isa = PBXFileReference; fileEncoding = 4; lastKnownFileType = sourcecode.c.h; path = NVNotificationManager.h; sourceTree = "<group>"; };
		844FCFAD1CF475C100DCCA8A /* NVNotificationManager.m */ = {isa = PBXFileReference; fileEncoding = 4; lastKnownFileType = sourcecode.c.objc; path = NVNotificationManager.m; sourceTree = "<group>"; };
		844FE2661D2698950020215A /* NVStoreCell.h */ = {isa = PBXFileReference; fileEncoding = 4; lastKnownFileType = sourcecode.c.h; path = NVStoreCell.h; sourceTree = "<group>"; };
		844FE2671D2698950020215A /* NVStoreCell.m */ = {isa = PBXFileReference; fileEncoding = 4; lastKnownFileType = sourcecode.c.objc; path = NVStoreCell.m; sourceTree = "<group>"; };
		844FE26C1D26A9A50020215A /* ru */ = {isa = PBXFileReference; lastKnownFileType = text.plist.strings; name = ru; path = ru.lproj/RMStore.strings; sourceTree = "<group>"; };
		845120191CF3B620007759F7 /* NVSettingsVC.h */ = {isa = PBXFileReference; fileEncoding = 4; lastKnownFileType = sourcecode.c.h; path = NVSettingsVC.h; sourceTree = "<group>"; };
		8451201A1CF3B620007759F7 /* NVSettingsVC.m */ = {isa = PBXFileReference; fileEncoding = 4; lastKnownFileType = sourcecode.c.objc; path = NVSettingsVC.m; sourceTree = "<group>"; };
		8451201C1CF3BE31007759F7 /* Constants.h */ = {isa = PBXFileReference; lastKnownFileType = sourcecode.c.h; path = Constants.h; sourceTree = "<group>"; };
		84524A141D2558640099D587 /* RMStore.h */ = {isa = PBXFileReference; fileEncoding = 4; lastKnownFileType = sourcecode.c.h; path = RMStore.h; sourceTree = "<group>"; };
		84524A151D2558640099D587 /* RMStore.m */ = {isa = PBXFileReference; fileEncoding = 4; lastKnownFileType = sourcecode.c.objc; path = RMStore.m; sourceTree = "<group>"; };
		84524A181D2558640099D587 /* RMStoreViewController.h */ = {isa = PBXFileReference; fileEncoding = 4; lastKnownFileType = sourcecode.c.h; path = RMStoreViewController.h; sourceTree = "<group>"; };
		84524A191D2558640099D587 /* RMStoreViewController.m */ = {isa = PBXFileReference; fileEncoding = 4; lastKnownFileType = sourcecode.c.objc; path = RMStoreViewController.m; sourceTree = "<group>"; };
		84524A1D1D255B9F0099D587 /* NVStoreVC.h */ = {isa = PBXFileReference; fileEncoding = 4; lastKnownFileType = sourcecode.c.h; path = NVStoreVC.h; sourceTree = "<group>"; };
		84524A1E1D255B9F0099D587 /* NVStoreVC.m */ = {isa = PBXFileReference; fileEncoding = 4; lastKnownFileType = sourcecode.c.objc; path = NVStoreVC.m; sourceTree = "<group>"; };
		845481EE1D2341DE00D90640 /* GoogleService-Info.plist */ = {isa = PBXFileReference; fileEncoding = 4; lastKnownFileType = text.plist.xml; path = "GoogleService-Info.plist"; sourceTree = "<group>"; };
		8456915D1CE9EDBB005E4AE1 /* NVServerManager.h */ = {isa = PBXFileReference; fileEncoding = 4; lastKnownFileType = sourcecode.c.h; path = NVServerManager.h; sourceTree = "<group>"; };
		8456915E1CE9EDBB005E4AE1 /* NVServerManager.m */ = {isa = PBXFileReference; fileEncoding = 4; lastKnownFileType = sourcecode.c.objc; path = NVServerManager.m; sourceTree = "<group>"; };
		845691601CE9F741005E4AE1 /* NVCreateNewDictVC.h */ = {isa = PBXFileReference; fileEncoding = 4; lastKnownFileType = sourcecode.c.h; path = NVCreateNewDictVC.h; sourceTree = "<group>"; };
		845691611CE9F741005E4AE1 /* NVCreateNewDictVC.m */ = {isa = PBXFileReference; fileEncoding = 4; lastKnownFileType = sourcecode.c.objc; path = NVCreateNewDictVC.m; sourceTree = "<group>"; };
		845691641CE9F8B2005E4AE1 /* NVChooseLangVC.h */ = {isa = PBXFileReference; fileEncoding = 4; lastKnownFileType = sourcecode.c.h; path = NVChooseLangVC.h; sourceTree = "<group>"; };
		845691651CE9F8B2005E4AE1 /* NVChooseLangVC.m */ = {isa = PBXFileReference; fileEncoding = 4; lastKnownFileType = sourcecode.c.objc; path = NVChooseLangVC.m; sourceTree = "<group>"; };
		8458942F1CE8BC3800D4FE35 /* UpYourDictionary.app */ = {isa = PBXFileReference; explicitFileType = wrapper.application; includeInIndex = 0; path = UpYourDictionary.app; sourceTree = BUILT_PRODUCTS_DIR; };
		845894331CE8BC3800D4FE35 /* main.m */ = {isa = PBXFileReference; lastKnownFileType = sourcecode.c.objc; path = main.m; sourceTree = "<group>"; };
		845894351CE8BC3800D4FE35 /* AppDelegate.h */ = {isa = PBXFileReference; lastKnownFileType = sourcecode.c.h; path = AppDelegate.h; sourceTree = "<group>"; };
		845894361CE8BC3800D4FE35 /* AppDelegate.m */ = {isa = PBXFileReference; lastKnownFileType = sourcecode.c.objc; path = AppDelegate.m; sourceTree = "<group>"; };
		8458943F1CE8BC3800D4FE35 /* UpYourDictionary.xcdatamodel */ = {isa = PBXFileReference; lastKnownFileType = wrapper.xcdatamodel; path = UpYourDictionary.xcdatamodel; sourceTree = "<group>"; };
		845894411CE8BC3800D4FE35 /* Assets.xcassets */ = {isa = PBXFileReference; lastKnownFileType = folder.assetcatalog; path = Assets.xcassets; sourceTree = "<group>"; };
		845894441CE8BC3800D4FE35 /* Base */ = {isa = PBXFileReference; lastKnownFileType = file.storyboard; name = Base; path = Base.lproj/LaunchScreen.storyboard; sourceTree = "<group>"; };
		845894461CE8BC3800D4FE35 /* Info.plist */ = {isa = PBXFileReference; lastKnownFileType = text.plist.xml; path = Info.plist; sourceTree = "<group>"; };
		8458944B1CE8BC3800D4FE35 /* UpYourDictionaryTests.xctest */ = {isa = PBXFileReference; explicitFileType = wrapper.cfbundle; includeInIndex = 0; path = UpYourDictionaryTests.xctest; sourceTree = BUILT_PRODUCTS_DIR; };
		8458944F1CE8BC3800D4FE35 /* UpYourDictionaryTests.m */ = {isa = PBXFileReference; lastKnownFileType = sourcecode.c.objc; path = UpYourDictionaryTests.m; sourceTree = "<group>"; };
		845894511CE8BC3800D4FE35 /* Info.plist */ = {isa = PBXFileReference; lastKnownFileType = text.plist.xml; path = Info.plist; sourceTree = "<group>"; };
		845894561CE8BC3800D4FE35 /* UpYourDictionaryUITests.xctest */ = {isa = PBXFileReference; explicitFileType = wrapper.cfbundle; includeInIndex = 0; path = UpYourDictionaryUITests.xctest; sourceTree = BUILT_PRODUCTS_DIR; };
		8458945A1CE8BC3800D4FE35 /* UpYourDictionaryUITests.m */ = {isa = PBXFileReference; lastKnownFileType = sourcecode.c.objc; path = UpYourDictionaryUITests.m; sourceTree = "<group>"; };
		8458945C1CE8BC3800D4FE35 /* Info.plist */ = {isa = PBXFileReference; lastKnownFileType = text.plist.xml; path = Info.plist; sourceTree = "<group>"; };
		845E96551D0B3E7E0011856C /* NVCreateDictCell.h */ = {isa = PBXFileReference; fileEncoding = 4; lastKnownFileType = sourcecode.c.h; path = NVCreateDictCell.h; sourceTree = "<group>"; };
		845E96561D0B3E7E0011856C /* NVCreateDictCell.m */ = {isa = PBXFileReference; fileEncoding = 4; lastKnownFileType = sourcecode.c.objc; path = NVCreateDictCell.m; sourceTree = "<group>"; };
		8461C64C1D1423F2007F7532 /* NVContainerVC.h */ = {isa = PBXFileReference; fileEncoding = 4; lastKnownFileType = sourcecode.c.h; path = NVContainerVC.h; sourceTree = "<group>"; };
		8461C64D1D1423F2007F7532 /* NVContainerVC.m */ = {isa = PBXFileReference; fileEncoding = 4; lastKnownFileType = sourcecode.c.objc; path = NVContainerVC.m; sourceTree = "<group>"; };
		8461C64F1D146654007F7532 /* NVTouchedNotifyCell.h */ = {isa = PBXFileReference; fileEncoding = 4; lastKnownFileType = sourcecode.c.h; path = NVTouchedNotifyCell.h; sourceTree = "<group>"; };
		8461C6501D146654007F7532 /* NVTouchedNotifyCell.m */ = {isa = PBXFileReference; fileEncoding = 4; lastKnownFileType = sourcecode.c.objc; path = NVTouchedNotifyCell.m; sourceTree = "<group>"; };
		8462CDE01CEA4D0B00E742AC /* Base */ = {isa = PBXFileReference; lastKnownFileType = file.storyboard; name = Base; path = Base.lproj/Main.storyboard; sourceTree = "<group>"; };
		84D436111D1DB2FA00FB3F80 /* NVHowItWorksVC.h */ = {isa = PBXFileReference; fileEncoding = 4; lastKnownFileType = sourcecode.c.h; path = NVHowItWorksVC.h; sourceTree = "<group>"; };
		84D436121D1DB2FA00FB3F80 /* NVHowItWorksVC.m */ = {isa = PBXFileReference; fileEncoding = 4; lastKnownFileType = sourcecode.c.objc; path = NVHowItWorksVC.m; sourceTree = "<group>"; };
		84F2FDB01CEE619B00714DF0 /* NVMainStrategy.h */ = {isa = PBXFileReference; fileEncoding = 4; lastKnownFileType = sourcecode.c.h; path = NVMainStrategy.h; sourceTree = "<group>"; };
		84F2FDB11CEE619B00714DF0 /* NVMainStrategy.m */ = {isa = PBXFileReference; fileEncoding = 4; lastKnownFileType = sourcecode.c.objc; path = NVMainStrategy.m; sourceTree = "<group>"; };
		84F2FDB31CEE621F00714DF0 /* NVStrategyProtocol.h */ = {isa = PBXFileReference; fileEncoding = 4; lastKnownFileType = sourcecode.c.h; path = NVStrategyProtocol.h; sourceTree = "<group>"; };
		84F6A3BE1CEFCCC2001F3CAC /* NVDicts+CoreDataProperties.h */ = {isa = PBXFileReference; fileEncoding = 4; lastKnownFileType = sourcecode.c.h; path = "NVDicts+CoreDataProperties.h"; sourceTree = "<group>"; };
		84F6A3BF1CEFCCC2001F3CAC /* NVDicts+CoreDataProperties.m */ = {isa = PBXFileReference; fileEncoding = 4; lastKnownFileType = sourcecode.c.objc; path = "NVDicts+CoreDataProperties.m"; sourceTree = "<group>"; };
		84F6A3C11CEFCFF6001F3CAC /* NVMenuVC.h */ = {isa = PBXFileReference; fileEncoding = 4; lastKnownFileType = sourcecode.c.h; path = NVMenuVC.h; sourceTree = "<group>"; };
		84F6A3C21CEFCFF6001F3CAC /* NVMenuVC.m */ = {isa = PBXFileReference; fileEncoding = 4; lastKnownFileType = sourcecode.c.objc; path = NVMenuVC.m; sourceTree = "<group>"; };
		A34005371E3A80E4C5532B92 /* Pods.debug.xcconfig */ = {isa = PBXFileReference; includeInIndex = 1; lastKnownFileType = text.xcconfig; name = Pods.debug.xcconfig; path = "Pods/Target Support Files/Pods/Pods.debug.xcconfig"; sourceTree = "<group>"; };
		A34EF9EF8378CB4094847D2F /* libPods.a */ = {isa = PBXFileReference; explicitFileType = archive.ar; includeInIndex = 0; path = libPods.a; sourceTree = BUILT_PRODUCTS_DIR; };
		DDD93336E2697EA394E75826 /* Pods.release.xcconfig */ = {isa = PBXFileReference; includeInIndex = 1; lastKnownFileType = text.xcconfig; name = Pods.release.xcconfig; path = "Pods/Target Support Files/Pods/Pods.release.xcconfig"; sourceTree = "<group>"; };
/* End PBXFileReference section */

/* Begin PBXFrameworksBuildPhase section */
		8458942C1CE8BC3800D4FE35 /* Frameworks */ = {
			isa = PBXFrameworksBuildPhase;
			buildActionMask = 2147483647;
			files = (
				EE9F8948D606212E771292C3 /* libPods.a in Frameworks */,
			);
			runOnlyForDeploymentPostprocessing = 0;
		};
		845894481CE8BC3800D4FE35 /* Frameworks */ = {
			isa = PBXFrameworksBuildPhase;
			buildActionMask = 2147483647;
			files = (
			);
			runOnlyForDeploymentPostprocessing = 0;
		};
		845894531CE8BC3800D4FE35 /* Frameworks */ = {
			isa = PBXFrameworksBuildPhase;
			buildActionMask = 2147483647;
			files = (
			);
			runOnlyForDeploymentPostprocessing = 0;
		};
/* End PBXFrameworksBuildPhase section */

/* Begin PBXGroup section */
		0B9762BE1604E82542923738 /* Pods */ = {
			isa = PBXGroup;
			children = (
				A34005371E3A80E4C5532B92 /* Pods.debug.xcconfig */,
				DDD93336E2697EA394E75826 /* Pods.release.xcconfig */,
			);
			name = Pods;
			sourceTree = "<group>";
		};
		843BCB6E1CEDE04C000F30A3 /* Cells */ = {
			isa = PBXGroup;
			children = (
				843BCB6B1CEDE034000F30A3 /* NVCreateTemplateCell.h */,
				843BCB6C1CEDE034000F30A3 /* NVCreateTemplateCell.m */,
				845E96551D0B3E7E0011856C /* NVCreateDictCell.h */,
				845E96561D0B3E7E0011856C /* NVCreateDictCell.m */,
				8461C64F1D146654007F7532 /* NVTouchedNotifyCell.h */,
				8461C6501D146654007F7532 /* NVTouchedNotifyCell.m */,
				840B0BC61D1C1A68007D3C47 /* NVChooseActiveDictCell.h */,
				840B0BC71D1C1A68007D3C47 /* NVChooseActiveDictCell.m */,
				840405041D29CB8C00BEFAEE /* NVChooseDictThemeCell.h */,
				840405051D29CB8C00BEFAEE /* NVChooseDictThemeCell.m */,
			);
			name = Cells;
			sourceTree = "<group>";
		};
		843BDDEB1D1C078B00F3FBB4 /* Icons */ = {
			isa = PBXGroup;
			children = (
				843BDE001D1C0EAA00F3FBB4 /* iconsUpYourDict29.png */,
				843BDE011D1C0EAA00F3FBB4 /* iconsUpYourDict40.png */,
				843BDE021D1C0EAA00F3FBB4 /* iconsUpYourDict58.png */,
				843BDE031D1C0EAA00F3FBB4 /* iconsUpYourDict76.png */,
				843BDE041D1C0EAA00F3FBB4 /* iconsUpYourDict80.png */,
				843BDE051D1C0EAA00F3FBB4 /* iconsUpYourDict87.png */,
				843BDE061D1C0EAA00F3FBB4 /* iconsUpYourDict120.png */,
				843BDE071D1C0EAA00F3FBB4 /* iconsUpYourDict152.png */,
				843BDE081D1C0EAA00F3FBB4 /* iconsUpYourDict180.png */,
			);
			name = Icons;
			sourceTree = "<group>";
		};
		843BDE121D1C110D00F3FBB4 /* LaunchImages */ = {
			isa = PBXGroup;
			children = (
				843BDE131D1C112A00F3FBB4 /* LaunchImageUpYourDict640x960.png */,
				843BDE141D1C112A00F3FBB4 /* LaunchImageUpYourDict640x1136.png */,
				843BDE151D1C112A00F3FBB4 /* LaunchImageUpYourDict768x1024.png */,
				843BDE161D1C112A00F3FBB4 /* LaunchImageUpYourDict1536x2048.png */,
			);
			name = LaunchImages;
			sourceTree = "<group>";
		};
		844630991CEBA199004E0994 /* CoreDataModels */ = {
			isa = PBXGroup;
			children = (
				84F6A3BE1CEFCCC2001F3CAC /* NVDicts+CoreDataProperties.h */,
				84F6A3BF1CEFCCC2001F3CAC /* NVDicts+CoreDataProperties.m */,
				844630AE1CEBCAD3004E0994 /* NVDicts.h */,
				844630AF1CEBCAD3004E0994 /* NVDicts.m */,
				844630B01CEBCAD3004E0994 /* NVTemplates+CoreDataProperties.h */,
				844630B11CEBCAD3004E0994 /* NVTemplates+CoreDataProperties.m */,
				844630B21CEBCAD3004E0994 /* NVTemplates.h */,
				844630B31CEBCAD3004E0994 /* NVTemplates.m */,
				844630B41CEBCAD3004E0994 /* NVWords+CoreDataProperties.h */,
				844630B51CEBCAD3004E0994 /* NVWords+CoreDataProperties.m */,
				844630B61CEBCAD3004E0994 /* NVWords.h */,
				844630B71CEBCAD3004E0994 /* NVWords.m */,
				844630B81CEBCAD3004E0994 /* NVContent+CoreDataProperties.h */,
				844630B91CEBCAD3004E0994 /* NVContent+CoreDataProperties.m */,
				844630BA1CEBCAD3004E0994 /* NVContent.h */,
				844630BB1CEBCAD3004E0994 /* NVContent.m */,
				844B6EEA1CF72E5B00B093FA /* NVNotifyInUse+CoreDataProperties.h */,
				844B6EEB1CF72E5B00B093FA /* NVNotifyInUse+CoreDataProperties.m */,
				844B6EEC1CF72E5B00B093FA /* NVNotifyInUse.h */,
				844B6EED1CF72E5B00B093FA /* NVNotifyInUse.m */,
			);
			name = CoreDataModels;
			sourceTree = "<group>";
		};
		84524A131D2558250099D587 /* InAppPurchases */ = {
			isa = PBXGroup;
			children = (
				84524A141D2558640099D587 /* RMStore.h */,
				84524A151D2558640099D587 /* RMStore.m */,
				84524A181D2558640099D587 /* RMStoreViewController.h */,
				84524A191D2558640099D587 /* RMStoreViewController.m */,
				84524A1D1D255B9F0099D587 /* NVStoreVC.h */,
				84524A1E1D255B9F0099D587 /* NVStoreVC.m */,
				844FE2661D2698950020215A /* NVStoreCell.h */,
				844FE2671D2698950020215A /* NVStoreCell.m */,
			);
			name = InAppPurchases;
			sourceTree = "<group>";
		};
		845691631CE9F74D005E4AE1 /* ViewControllers */ = {
			isa = PBXGroup;
			children = (
				845691641CE9F8B2005E4AE1 /* NVChooseLangVC.h */,
				845691651CE9F8B2005E4AE1 /* NVChooseLangVC.m */,
				844E4EA71CEA508A0012AB04 /* NVLangFromVC.h */,
				844E4EA81CEA508A0012AB04 /* NVLangFromVC.m */,
				844E4EAA1CEA50A90012AB04 /* NVLangToVC.h */,
				844E4EAB1CEA50A90012AB04 /* NVLangToVC.m */,
				843BCB6E1CEDE04C000F30A3 /* Cells */,
				844630A31CEBBB9A004E0994 /* NVCreateTemplateVC.h */,
				844630A41CEBBB9A004E0994 /* NVCreateTemplateVC.m */,
				8446309D1CEBAE22004E0994 /* NVChooseActiveDictVC.h */,
				8446309E1CEBAE22004E0994 /* NVChooseActiveDictVC.m */,
				84F6A3C11CEFCFF6001F3CAC /* NVMenuVC.h */,
				84F6A3C21CEFCFF6001F3CAC /* NVMenuVC.m */,
				844630A01CEBBB1E004E0994 /* NVChooseDictThemeVC.h */,
				844630A11CEBBB1E004E0994 /* NVChooseDictThemeVC.m */,
				845691601CE9F741005E4AE1 /* NVCreateNewDictVC.h */,
				845691611CE9F741005E4AE1 /* NVCreateNewDictVC.m */,
				845120191CF3B620007759F7 /* NVSettingsVC.h */,
				8451201A1CF3B620007759F7 /* NVSettingsVC.m */,
				8446309A1CEBAC32004E0994 /* NVParentViewController.h */,
				8446309B1CEBAC32004E0994 /* NVParentViewController.m */,
				84037B9D1D0A2EFF005EBCAD /* NVTouchedNotifyVC.h */,
				84037B9E1D0A2EFF005EBCAD /* NVTouchedNotifyVC.m */,
				8461C64C1D1423F2007F7532 /* NVContainerVC.h */,
				8461C64D1D1423F2007F7532 /* NVContainerVC.m */,
				84050DB21D148DFD00692347 /* NVYandexWebViewVC.h */,
				84050DB31D148DFD00692347 /* NVYandexWebViewVC.m */,
				84D436111D1DB2FA00FB3F80 /* NVHowItWorksVC.h */,
				84D436121D1DB2FA00FB3F80 /* NVHowItWorksVC.m */,
			);
			name = ViewControllers;
			sourceTree = "<group>";
		};
		845894261CE8BC3800D4FE35 = {
			isa = PBXGroup;
			children = (
				845894311CE8BC3800D4FE35 /* UpYourDictionary */,
				8458944E1CE8BC3800D4FE35 /* UpYourDictionaryTests */,
				845894591CE8BC3800D4FE35 /* UpYourDictionaryUITests */,
				845894301CE8BC3800D4FE35 /* Products */,
				0B9762BE1604E82542923738 /* Pods */,
				C51CC3DAA544B20D22FEF19C /* Frameworks */,
			);
			sourceTree = "<group>";
		};
		845894301CE8BC3800D4FE35 /* Products */ = {
			isa = PBXGroup;
			children = (
				8458942F1CE8BC3800D4FE35 /* UpYourDictionary.app */,
				8458944B1CE8BC3800D4FE35 /* UpYourDictionaryTests.xctest */,
				845894561CE8BC3800D4FE35 /* UpYourDictionaryUITests.xctest */,
			);
			name = Products;
			sourceTree = "<group>";
		};
		845894311CE8BC3800D4FE35 /* UpYourDictionary */ = {
			isa = PBXGroup;
			children = (
				845894351CE8BC3800D4FE35 /* AppDelegate.h */,
				845894361CE8BC3800D4FE35 /* AppDelegate.m */,
				844FE26D1D26A9A50020215A /* RMStore.strings */,
				84524A131D2558250099D587 /* InAppPurchases */,
				845481EE1D2341DE00D90640 /* GoogleService-Info.plist */,
				843BDE121D1C110D00F3FBB4 /* LaunchImages */,
				843BDDEB1D1C078B00F3FBB4 /* Icons */,
				840DC07C1D0B917F009C04E8 /* Localizable.strings */,
				840DC0771D0B917D009C04E8 /* InfoPlist.strings */,
				840986E91D29EE0A00E15A70 /* Images */,
				840404FD1D29C03800BEFAEE /* UpYourDictionaryEn.sqlite */,
				840404FE1D29C03800BEFAEE /* UpYourDictionaryRu.sqlite */,
				844FCFAC1CF475C100DCCA8A /* NVNotificationManager.h */,
				844FCFAD1CF475C100DCCA8A /* NVNotificationManager.m */,
				8456915D1CE9EDBB005E4AE1 /* NVServerManager.h */,
				8456915E1CE9EDBB005E4AE1 /* NVServerManager.m */,
				844CC0951D2A7BD00091952C /* NVCommonManager.h */,
				844CC0961D2A7BD00091952C /* NVCommonManager.m */,
				8446307E1CEB977A004E0994 /* NVDataManager.h */,
				8446307F1CEB977A004E0994 /* NVDataManager.m */,
				84F2FDB01CEE619B00714DF0 /* NVMainStrategy.h */,
				84F2FDB11CEE619B00714DF0 /* NVMainStrategy.m */,
				84F2FDB31CEE621F00714DF0 /* NVStrategyProtocol.h */,
				840405011D29C65E00BEFAEE /* NVButton.h */,
				840405021D29C65E00BEFAEE /* NVButton.m */,
				8451201C1CF3BE31007759F7 /* Constants.h */,
				845691631CE9F74D005E4AE1 /* ViewControllers */,
				845894411CE8BC3800D4FE35 /* Assets.xcassets */,
				8462CDDF1CEA4D0B00E742AC /* Main.storyboard */,
				845894431CE8BC3800D4FE35 /* LaunchScreen.storyboard */,
				845894461CE8BC3800D4FE35 /* Info.plist */,
				8458943E1CE8BC3800D4FE35 /* UpYourDictionary.xcdatamodeld */,
				844630991CEBA199004E0994 /* CoreDataModels */,
				845894321CE8BC3800D4FE35 /* Supporting Files */,
			);
			path = UpYourDictionary;
			sourceTree = "<group>";
		};
		845894321CE8BC3800D4FE35 /* Supporting Files */ = {
			isa = PBXGroup;
			children = (
				845894331CE8BC3800D4FE35 /* main.m */,
				843468C81D2B29BA0036D0E7 /* UpYourDict-Prefix.pch */,
			);
			name = "Supporting Files";
			sourceTree = "<group>";
		};
		8458944E1CE8BC3800D4FE35 /* UpYourDictionaryTests */ = {
			isa = PBXGroup;
			children = (
				840DC0721D0B917A009C04E8 /* InfoPlist.strings */,
				8458944F1CE8BC3800D4FE35 /* UpYourDictionaryTests.m */,
				845894511CE8BC3800D4FE35 /* Info.plist */,
			);
			path = UpYourDictionaryTests;
			sourceTree = "<group>";
		};
		845894591CE8BC3800D4FE35 /* UpYourDictionaryUITests */ = {
			isa = PBXGroup;
			children = (
				840DC06D1D0B9179009C04E8 /* InfoPlist.strings */,
				8458945A1CE8BC3800D4FE35 /* UpYourDictionaryUITests.m */,
				8458945C1CE8BC3800D4FE35 /* Info.plist */,
			);
			path = UpYourDictionaryUITests;
			sourceTree = "<group>";
		};
		C51CC3DAA544B20D22FEF19C /* Frameworks */ = {
			isa = PBXGroup;
			children = (
				A34EF9EF8378CB4094847D2F /* libPods.a */,
			);
			name = Frameworks;
			sourceTree = "<group>";
		};
/* End PBXGroup section */

/* Begin PBXNativeTarget section */
		8458942E1CE8BC3800D4FE35 /* UpYourDictionary */ = {
			isa = PBXNativeTarget;
			buildConfigurationList = 8458945F1CE8BC3800D4FE35 /* Build configuration list for PBXNativeTarget "UpYourDictionary" */;
			buildPhases = (
				3DE1C345BE76A715334B13E2 /* Check Pods Manifest.lock */,
				8458942B1CE8BC3800D4FE35 /* Sources */,
				8458942C1CE8BC3800D4FE35 /* Frameworks */,
				8458942D1CE8BC3800D4FE35 /* Resources */,
				9A742AB9554B9DA295C36FEC /* Embed Pods Frameworks */,
				1F14326CC4158AEE7A868D4E /* Copy Pods Resources */,
			);
			buildRules = (
			);
			dependencies = (
			);
			name = UpYourDictionary;
			productName = UpYourDictionary;
			productReference = 8458942F1CE8BC3800D4FE35 /* UpYourDictionary.app */;
			productType = "com.apple.product-type.application";
		};
		8458944A1CE8BC3800D4FE35 /* UpYourDictionaryTests */ = {
			isa = PBXNativeTarget;
			buildConfigurationList = 845894621CE8BC3800D4FE35 /* Build configuration list for PBXNativeTarget "UpYourDictionaryTests" */;
			buildPhases = (
				845894471CE8BC3800D4FE35 /* Sources */,
				845894481CE8BC3800D4FE35 /* Frameworks */,
				845894491CE8BC3800D4FE35 /* Resources */,
			);
			buildRules = (
			);
			dependencies = (
				8458944D1CE8BC3800D4FE35 /* PBXTargetDependency */,
			);
			name = UpYourDictionaryTests;
			productName = UpYourDictionaryTests;
			productReference = 8458944B1CE8BC3800D4FE35 /* UpYourDictionaryTests.xctest */;
			productType = "com.apple.product-type.bundle.unit-test";
		};
		845894551CE8BC3800D4FE35 /* UpYourDictionaryUITests */ = {
			isa = PBXNativeTarget;
			buildConfigurationList = 845894651CE8BC3800D4FE35 /* Build configuration list for PBXNativeTarget "UpYourDictionaryUITests" */;
			buildPhases = (
				845894521CE8BC3800D4FE35 /* Sources */,
				845894531CE8BC3800D4FE35 /* Frameworks */,
				845894541CE8BC3800D4FE35 /* Resources */,
			);
			buildRules = (
			);
			dependencies = (
				845894581CE8BC3800D4FE35 /* PBXTargetDependency */,
			);
			name = UpYourDictionaryUITests;
			productName = UpYourDictionaryUITests;
			productReference = 845894561CE8BC3800D4FE35 /* UpYourDictionaryUITests.xctest */;
			productType = "com.apple.product-type.bundle.ui-testing";
		};
/* End PBXNativeTarget section */

/* Begin PBXProject section */
		845894271CE8BC3800D4FE35 /* Project object */ = {
			isa = PBXProject;
			attributes = {
				CLASSPREFIX = NV;
				LastUpgradeCheck = 0700;
				ORGANIZATIONNAME = Admin;
				TargetAttributes = {
					8458942E1CE8BC3800D4FE35 = {
						CreatedOnToolsVersion = 7.0.1;
						DevelopmentTeam = 89TQ2GF24K;
						SystemCapabilities = {
							com.apple.BackgroundModes = {
								enabled = 1;
							};
						};
					};
					8458944A1CE8BC3800D4FE35 = {
						CreatedOnToolsVersion = 7.0.1;
						TestTargetID = 8458942E1CE8BC3800D4FE35;
					};
					845894551CE8BC3800D4FE35 = {
						CreatedOnToolsVersion = 7.0.1;
						TestTargetID = 8458942E1CE8BC3800D4FE35;
					};
				};
			};
			buildConfigurationList = 8458942A1CE8BC3800D4FE35 /* Build configuration list for PBXProject "UpYourDictionary" */;
			compatibilityVersion = "Xcode 3.2";
			developmentRegion = English;
			hasScannedForEncodings = 0;
			knownRegions = (
				en,
				Base,
				ru,
			);
			mainGroup = 845894261CE8BC3800D4FE35;
			productRefGroup = 845894301CE8BC3800D4FE35 /* Products */;
			projectDirPath = "";
			projectRoot = "";
			targets = (
				8458942E1CE8BC3800D4FE35 /* UpYourDictionary */,
				8458944A1CE8BC3800D4FE35 /* UpYourDictionaryTests */,
				845894551CE8BC3800D4FE35 /* UpYourDictionaryUITests */,
			);
		};
/* End PBXProject section */

/* Begin PBXResourcesBuildPhase section */
		8458942D1CE8BC3800D4FE35 /* Resources */ = {
			isa = PBXResourcesBuildPhase;
			buildActionMask = 2147483647;
			files = (
				843BDE0D1D1C0EAA00F3FBB4 /* iconsUpYourDict80.png in Resources */,
				844FE26B1D26A9A50020215A /* RMStore.strings in Resources */,
				840405001D29C03800BEFAEE /* UpYourDictionaryRu.sqlite in Resources */,
				8462CDE11CEA4D0B00E742AC /* Main.storyboard in Resources */,
				844CC0981D2AC4D80091952C /* Assets.xcassets in Resources */,
				840DC07A1D0B917F009C04E8 /* Localizable.strings in Resources */,
				843BDE1A1D1C112A00F3FBB4 /* LaunchImageUpYourDict1536x2048.png in Resources */,
				843BDE0F1D1C0EAA00F3FBB4 /* iconsUpYourDict120.png in Resources */,
				843BDE0C1D1C0EAA00F3FBB4 /* iconsUpYourDict76.png in Resources */,
				843BDE111D1C0EAA00F3FBB4 /* iconsUpYourDict180.png in Resources */,
				843BDE181D1C112A00F3FBB4 /* LaunchImageUpYourDict640x1136.png in Resources */,
				843BDE0E1D1C0EAA00F3FBB4 /* iconsUpYourDict87.png in Resources */,
				840404FF1D29C03800BEFAEE /* UpYourDictionaryEn.sqlite in Resources */,
				840986EB1D29EFCD00E15A70 /* Images in Resources */,
				843BDE0B1D1C0EAA00F3FBB4 /* iconsUpYourDict58.png in Resources */,
				843BDE0A1D1C0EAA00F3FBB4 /* iconsUpYourDict40.png in Resources */,
				845894451CE8BC3800D4FE35 /* LaunchScreen.storyboard in Resources */,
				843BDE171D1C112A00F3FBB4 /* LaunchImageUpYourDict640x960.png in Resources */,
				843BDE101D1C0EAA00F3FBB4 /* iconsUpYourDict152.png in Resources */,
				840DC0751D0B917D009C04E8 /* InfoPlist.strings in Resources */,
				845481EF1D2341DE00D90640 /* GoogleService-Info.plist in Resources */,
				843BDE091D1C0EAA00F3FBB4 /* iconsUpYourDict29.png in Resources */,
				843BDE191D1C112A00F3FBB4 /* LaunchImageUpYourDict768x1024.png in Resources */,
			);
			runOnlyForDeploymentPostprocessing = 0;
		};
		845894491CE8BC3800D4FE35 /* Resources */ = {
			isa = PBXResourcesBuildPhase;
			buildActionMask = 2147483647;
			files = (
				840DC0701D0B917A009C04E8 /* InfoPlist.strings in Resources */,
			);
			runOnlyForDeploymentPostprocessing = 0;
		};
		845894541CE8BC3800D4FE35 /* Resources */ = {
			isa = PBXResourcesBuildPhase;
			buildActionMask = 2147483647;
			files = (
				840DC06B1D0B9179009C04E8 /* InfoPlist.strings in Resources */,
			);
			runOnlyForDeploymentPostprocessing = 0;
		};
/* End PBXResourcesBuildPhase section */

/* Begin PBXShellScriptBuildPhase section */
		1F14326CC4158AEE7A868D4E /* Copy Pods Resources */ = {
			isa = PBXShellScriptBuildPhase;
			buildActionMask = 2147483647;
			files = (
			);
			inputPaths = (
			);
			name = "Copy Pods Resources";
			outputPaths = (
			);
			runOnlyForDeploymentPostprocessing = 0;
			shellPath = /bin/sh;
			shellScript = "\"${SRCROOT}/Pods/Target Support Files/Pods/Pods-resources.sh\"\n";
			showEnvVarsInLog = 0;
		};
		3DE1C345BE76A715334B13E2 /* Check Pods Manifest.lock */ = {
			isa = PBXShellScriptBuildPhase;
			buildActionMask = 2147483647;
			files = (
			);
			inputPaths = (
			);
			name = "Check Pods Manifest.lock";
			outputPaths = (
			);
			runOnlyForDeploymentPostprocessing = 0;
			shellPath = /bin/sh;
			shellScript = "diff \"${PODS_ROOT}/../Podfile.lock\" \"${PODS_ROOT}/Manifest.lock\" > /dev/null\nif [[ $? != 0 ]] ; then\n    cat << EOM\nerror: The sandbox is not in sync with the Podfile.lock. Run 'pod install' or update your CocoaPods installation.\nEOM\n    exit 1\nfi\n";
			showEnvVarsInLog = 0;
		};
		9A742AB9554B9DA295C36FEC /* Embed Pods Frameworks */ = {
			isa = PBXShellScriptBuildPhase;
			buildActionMask = 2147483647;
			files = (
			);
			inputPaths = (
			);
			name = "Embed Pods Frameworks";
			outputPaths = (
			);
			runOnlyForDeploymentPostprocessing = 0;
			shellPath = /bin/sh;
			shellScript = "\"${SRCROOT}/Pods/Target Support Files/Pods/Pods-frameworks.sh\"\n";
			showEnvVarsInLog = 0;
		};
/* End PBXShellScriptBuildPhase section */

/* Begin PBXSourcesBuildPhase section */
		8458942B1CE8BC3800D4FE35 /* Sources */ = {
			isa = PBXSourcesBuildPhase;
			buildActionMask = 2147483647;
			files = (
				845691661CE9F8B2005E4AE1 /* NVChooseLangVC.m in Sources */,
				8461C64E1D1423F2007F7532 /* NVContainerVC.m in Sources */,
				844630C01CEBCAD3004E0994 /* NVWords+CoreDataProperties.m in Sources */,
				844630A51CEBBB9A004E0994 /* NVCreateTemplateVC.m in Sources */,
				84F6A3C01CEFCCC2001F3CAC /* NVDicts+CoreDataProperties.m in Sources */,
				84050DB41D148DFD00692347 /* NVYandexWebViewVC.m in Sources */,
				844630BE1CEBCAD3004E0994 /* NVTemplates+CoreDataProperties.m in Sources */,
				844630C31CEBCAD3004E0994 /* NVContent.m in Sources */,
				840405061D29CB8C00BEFAEE /* NVChooseDictThemeCell.m in Sources */,
				84524A1A1D2558640099D587 /* RMStore.m in Sources */,
				844CC0971D2A7BD00091952C /* NVCommonManager.m in Sources */,
				844E4EAC1CEA50A90012AB04 /* NVLangToVC.m in Sources */,
				8451201B1CF3B620007759F7 /* NVSettingsVC.m in Sources */,
				844630BF1CEBCAD3004E0994 /* NVTemplates.m in Sources */,
				844630C11CEBCAD3004E0994 /* NVWords.m in Sources */,
				843BCB6D1CEDE034000F30A3 /* NVCreateTemplateCell.m in Sources */,
				844B6EEF1CF72E5B00B093FA /* NVNotifyInUse.m in Sources */,
				840B0BC81D1C1A68007D3C47 /* NVChooseActiveDictCell.m in Sources */,
				844630A21CEBBB1E004E0994 /* NVChooseDictThemeVC.m in Sources */,
				844630BD1CEBCAD3004E0994 /* NVDicts.m in Sources */,
				844FE2681D2698950020215A /* NVStoreCell.m in Sources */,
				845894371CE8BC3800D4FE35 /* AppDelegate.m in Sources */,
				845E96571D0B3E7E0011856C /* NVCreateDictCell.m in Sources */,
				84D436131D1DB2FA00FB3F80 /* NVHowItWorksVC.m in Sources */,
				8446309C1CEBAC32004E0994 /* NVParentViewController.m in Sources */,
				845894341CE8BC3800D4FE35 /* main.m in Sources */,
				844630801CEB977A004E0994 /* NVDataManager.m in Sources */,
				84524A1C1D2558640099D587 /* RMStoreViewController.m in Sources */,
				8446309F1CEBAE22004E0994 /* NVChooseActiveDictVC.m in Sources */,
				844630C21CEBCAD3004E0994 /* NVContent+CoreDataProperties.m in Sources */,
				844B6EEE1CF72E5B00B093FA /* NVNotifyInUse+CoreDataProperties.m in Sources */,
				84F2FDB21CEE619B00714DF0 /* NVMainStrategy.m in Sources */,
				844FCFAE1CF475C100DCCA8A /* NVNotificationManager.m in Sources */,
				8461C6511D146654007F7532 /* NVTouchedNotifyCell.m in Sources */,
				844E4EA91CEA508A0012AB04 /* NVLangFromVC.m in Sources */,
				8456915F1CE9EDBB005E4AE1 /* NVServerManager.m in Sources */,
				845691621CE9F741005E4AE1 /* NVCreateNewDictVC.m in Sources */,
				84524A1F1D255B9F0099D587 /* NVStoreVC.m in Sources */,
				845894401CE8BC3800D4FE35 /* UpYourDictionary.xcdatamodeld in Sources */,
				840405031D29C65E00BEFAEE /* NVButton.m in Sources */,
				84037B9F1D0A2EFF005EBCAD /* NVTouchedNotifyVC.m in Sources */,
				84F6A3C31CEFCFF6001F3CAC /* NVMenuVC.m in Sources */,
			);
			runOnlyForDeploymentPostprocessing = 0;
		};
		845894471CE8BC3800D4FE35 /* Sources */ = {
			isa = PBXSourcesBuildPhase;
			buildActionMask = 2147483647;
			files = (
				845894501CE8BC3800D4FE35 /* UpYourDictionaryTests.m in Sources */,
			);
			runOnlyForDeploymentPostprocessing = 0;
		};
		845894521CE8BC3800D4FE35 /* Sources */ = {
			isa = PBXSourcesBuildPhase;
			buildActionMask = 2147483647;
			files = (
				8458945B1CE8BC3800D4FE35 /* UpYourDictionaryUITests.m in Sources */,
			);
			runOnlyForDeploymentPostprocessing = 0;
		};
/* End PBXSourcesBuildPhase section */

/* Begin PBXTargetDependency section */
		8458944D1CE8BC3800D4FE35 /* PBXTargetDependency */ = {
			isa = PBXTargetDependency;
			target = 8458942E1CE8BC3800D4FE35 /* UpYourDictionary */;
			targetProxy = 8458944C1CE8BC3800D4FE35 /* PBXContainerItemProxy */;
		};
		845894581CE8BC3800D4FE35 /* PBXTargetDependency */ = {
			isa = PBXTargetDependency;
			target = 8458942E1CE8BC3800D4FE35 /* UpYourDictionary */;
			targetProxy = 845894571CE8BC3800D4FE35 /* PBXContainerItemProxy */;
		};
/* End PBXTargetDependency section */

/* Begin PBXVariantGroup section */
		840DC06D1D0B9179009C04E8 /* InfoPlist.strings */ = {
			isa = PBXVariantGroup;
			children = (
				840DC06C1D0B9179009C04E8 /* ru */,
			);
			name = InfoPlist.strings;
			sourceTree = "<group>";
		};
		840DC0721D0B917A009C04E8 /* InfoPlist.strings */ = {
			isa = PBXVariantGroup;
			children = (
				840DC0711D0B917A009C04E8 /* ru */,
			);
			name = InfoPlist.strings;
			sourceTree = "<group>";
		};
		840DC0771D0B917D009C04E8 /* InfoPlist.strings */ = {
			isa = PBXVariantGroup;
			children = (
				840DC0761D0B917D009C04E8 /* ru */,
			);
			name = InfoPlist.strings;
			sourceTree = "<group>";
		};
		840DC07C1D0B917F009C04E8 /* Localizable.strings */ = {
			isa = PBXVariantGroup;
			children = (
				840DC07B1D0B917F009C04E8 /* ru */,
			);
			name = Localizable.strings;
			sourceTree = "<group>";
		};
		844FE26D1D26A9A50020215A /* RMStore.strings */ = {
			isa = PBXVariantGroup;
			children = (
				844FE26C1D26A9A50020215A /* ru */,
			);
			name = RMStore.strings;
			sourceTree = "<group>";
		};
		845894431CE8BC3800D4FE35 /* LaunchScreen.storyboard */ = {
			isa = PBXVariantGroup;
			children = (
				845894441CE8BC3800D4FE35 /* Base */,
				840DC0681D0B8A2A009C04E8 /* ru */,
			);
			name = LaunchScreen.storyboard;
			sourceTree = "<group>";
		};
		8462CDDF1CEA4D0B00E742AC /* Main.storyboard */ = {
			isa = PBXVariantGroup;
			children = (
				8462CDE01CEA4D0B00E742AC /* Base */,
				840DC07E1D0BA9FD009C04E8 /* ru */,
			);
			name = Main.storyboard;
			sourceTree = "<group>";
		};
/* End PBXVariantGroup section */

/* Begin XCBuildConfiguration section */
		8458945D1CE8BC3800D4FE35 /* Debug */ = {
			isa = XCBuildConfiguration;
			buildSettings = {
				ALWAYS_SEARCH_USER_PATHS = NO;
				CLANG_CXX_LANGUAGE_STANDARD = "gnu++0x";
				CLANG_CXX_LIBRARY = "libc++";
				CLANG_ENABLE_MODULES = YES;
				CLANG_ENABLE_OBJC_ARC = YES;
				CLANG_WARN_BOOL_CONVERSION = YES;
				CLANG_WARN_CONSTANT_CONVERSION = YES;
				CLANG_WARN_DIRECT_OBJC_ISA_USAGE = YES_ERROR;
				CLANG_WARN_EMPTY_BODY = YES;
				CLANG_WARN_ENUM_CONVERSION = YES;
				CLANG_WARN_INT_CONVERSION = YES;
				CLANG_WARN_OBJC_ROOT_CLASS = YES_ERROR;
				CLANG_WARN_UNREACHABLE_CODE = YES;
				CLANG_WARN__DUPLICATE_METHOD_MATCH = YES;
				"CODE_SIGN_IDENTITY[sdk=iphoneos*]" = "iPhone Developer";
				COPY_PHASE_STRIP = NO;
				DEBUG_INFORMATION_FORMAT = dwarf;
				ENABLE_STRICT_OBJC_MSGSEND = YES;
				ENABLE_TESTABILITY = YES;
				GCC_C_LANGUAGE_STANDARD = gnu99;
				GCC_DYNAMIC_NO_PIC = NO;
				GCC_NO_COMMON_BLOCKS = YES;
				GCC_OPTIMIZATION_LEVEL = 0;
				GCC_PREPROCESSOR_DEFINITIONS = (
					"DEBUG=1",
					"$(inherited)",
				);
				GCC_WARN_64_TO_32_BIT_CONVERSION = YES;
				GCC_WARN_ABOUT_RETURN_TYPE = YES_ERROR;
				GCC_WARN_UNDECLARED_SELECTOR = YES;
				GCC_WARN_UNINITIALIZED_AUTOS = YES_AGGRESSIVE;
				GCC_WARN_UNUSED_FUNCTION = YES;
				GCC_WARN_UNUSED_VARIABLE = YES;
				IPHONEOS_DEPLOYMENT_TARGET = 9.0;
				MTL_ENABLE_DEBUG_INFO = YES;
				ONLY_ACTIVE_ARCH = YES;
				SDKROOT = iphoneos;
				TARGETED_DEVICE_FAMILY = "1,2";
			};
			name = Debug;
		};
		8458945E1CE8BC3800D4FE35 /* Release */ = {
			isa = XCBuildConfiguration;
			buildSettings = {
				ALWAYS_SEARCH_USER_PATHS = NO;
				CLANG_CXX_LANGUAGE_STANDARD = "gnu++0x";
				CLANG_CXX_LIBRARY = "libc++";
				CLANG_ENABLE_MODULES = YES;
				CLANG_ENABLE_OBJC_ARC = YES;
				CLANG_WARN_BOOL_CONVERSION = YES;
				CLANG_WARN_CONSTANT_CONVERSION = YES;
				CLANG_WARN_DIRECT_OBJC_ISA_USAGE = YES_ERROR;
				CLANG_WARN_EMPTY_BODY = YES;
				CLANG_WARN_ENUM_CONVERSION = YES;
				CLANG_WARN_INT_CONVERSION = YES;
				CLANG_WARN_OBJC_ROOT_CLASS = YES_ERROR;
				CLANG_WARN_UNREACHABLE_CODE = YES;
				CLANG_WARN__DUPLICATE_METHOD_MATCH = YES;
				"CODE_SIGN_IDENTITY[sdk=iphoneos*]" = "iPhone Developer";
				COPY_PHASE_STRIP = NO;
				DEBUG_INFORMATION_FORMAT = "dwarf-with-dsym";
				ENABLE_NS_ASSERTIONS = NO;
				ENABLE_STRICT_OBJC_MSGSEND = YES;
				GCC_C_LANGUAGE_STANDARD = gnu99;
				GCC_NO_COMMON_BLOCKS = YES;
				GCC_WARN_64_TO_32_BIT_CONVERSION = YES;
				GCC_WARN_ABOUT_RETURN_TYPE = YES_ERROR;
				GCC_WARN_UNDECLARED_SELECTOR = YES;
				GCC_WARN_UNINITIALIZED_AUTOS = YES_AGGRESSIVE;
				GCC_WARN_UNUSED_FUNCTION = YES;
				GCC_WARN_UNUSED_VARIABLE = YES;
				IPHONEOS_DEPLOYMENT_TARGET = 9.0;
				MTL_ENABLE_DEBUG_INFO = NO;
				SDKROOT = iphoneos;
				TARGETED_DEVICE_FAMILY = "1,2";
				VALIDATE_PRODUCT = YES;
			};
			name = Release;
		};
		845894601CE8BC3800D4FE35 /* Debug */ = {
			isa = XCBuildConfiguration;
			baseConfigurationReference = A34005371E3A80E4C5532B92 /* Pods.debug.xcconfig */;
			buildSettings = {
				ASSETCATALOG_COMPILER_APPICON_NAME = AppIcon;
				ASSETCATALOG_COMPILER_LAUNCHIMAGE_NAME = BrandAsset;
				CODE_SIGN_IDENTITY = "iPhone Developer";
				GCC_PREFIX_HEADER = "UpYourDictionary/UpYourDict-Prefix.pch";
				INFOPLIST_FILE = UpYourDictionary/Info.plist;
				IPHONEOS_DEPLOYMENT_TARGET = 7.1;
				LD_RUNPATH_SEARCH_PATHS = "$(inherited) @executable_path/Frameworks";
				PRODUCT_BUNDLE_IDENTIFIER = com.Gain.UpYourDictionary1;
				PRODUCT_NAME = "$(TARGET_NAME)";
			};
			name = Debug;
		};
		845894611CE8BC3800D4FE35 /* Release */ = {
			isa = XCBuildConfiguration;
			baseConfigurationReference = DDD93336E2697EA394E75826 /* Pods.release.xcconfig */;
			buildSettings = {
				ASSETCATALOG_COMPILER_APPICON_NAME = AppIcon;
				ASSETCATALOG_COMPILER_LAUNCHIMAGE_NAME = BrandAsset;
				CODE_SIGN_IDENTITY = "iPhone Developer";
				GCC_PREFIX_HEADER = "UpYourDictionary/UpYourDict-Prefix.pch";
				INFOPLIST_FILE = UpYourDictionary/Info.plist;
				IPHONEOS_DEPLOYMENT_TARGET = 7.1;
				LD_RUNPATH_SEARCH_PATHS = "$(inherited) @executable_path/Frameworks";
				PRODUCT_BUNDLE_IDENTIFIER = com.Gain.UpYourDictionary1;
				PRODUCT_NAME = "$(TARGET_NAME)";
			};
			name = Release;
		};
		845894631CE8BC3800D4FE35 /* Debug */ = {
			isa = XCBuildConfiguration;
			buildSettings = {
				BUNDLE_LOADER = "$(TEST_HOST)";
				INFOPLIST_FILE = UpYourDictionaryTests/Info.plist;
				LD_RUNPATH_SEARCH_PATHS = "$(inherited) @executable_path/Frameworks @loader_path/Frameworks";
				PRODUCT_BUNDLE_IDENTIFIER = Gain.UpYourDictionaryTests;
				PRODUCT_NAME = "$(TARGET_NAME)";
				TEST_HOST = "$(BUILT_PRODUCTS_DIR)/UpYourDictionary.app/UpYourDictionary";
			};
			name = Debug;
		};
		845894641CE8BC3800D4FE35 /* Release */ = {
			isa = XCBuildConfiguration;
			buildSettings = {
				BUNDLE_LOADER = "$(TEST_HOST)";
				INFOPLIST_FILE = UpYourDictionaryTests/Info.plist;
				LD_RUNPATH_SEARCH_PATHS = "$(inherited) @executable_path/Frameworks @loader_path/Frameworks";
				PRODUCT_BUNDLE_IDENTIFIER = Gain.UpYourDictionaryTests;
				PRODUCT_NAME = "$(TARGET_NAME)";
				TEST_HOST = "$(BUILT_PRODUCTS_DIR)/UpYourDictionary.app/UpYourDictionary";
			};
			name = Release;
		};
		845894661CE8BC3800D4FE35 /* Debug */ = {
			isa = XCBuildConfiguration;
			buildSettings = {
				INFOPLIST_FILE = UpYourDictionaryUITests/Info.plist;
				LD_RUNPATH_SEARCH_PATHS = "$(inherited) @executable_path/Frameworks @loader_path/Frameworks";
				PRODUCT_BUNDLE_IDENTIFIER = Gain.UpYourDictionaryUITests;
				PRODUCT_NAME = "$(TARGET_NAME)";
				TEST_TARGET_NAME = UpYourDictionary;
				USES_XCTRUNNER = YES;
			};
			name = Debug;
		};
		845894671CE8BC3800D4FE35 /* Release */ = {
			isa = XCBuildConfiguration;
			buildSettings = {
				INFOPLIST_FILE = UpYourDictionaryUITests/Info.plist;
				LD_RUNPATH_SEARCH_PATHS = "$(inherited) @executable_path/Frameworks @loader_path/Frameworks";
				PRODUCT_BUNDLE_IDENTIFIER = Gain.UpYourDictionaryUITests;
				PRODUCT_NAME = "$(TARGET_NAME)";
				TEST_TARGET_NAME = UpYourDictionary;
				USES_XCTRUNNER = YES;
			};
			name = Release;
		};
/* End XCBuildConfiguration section */

/* Begin XCConfigurationList section */
		8458942A1CE8BC3800D4FE35 /* Build configuration list for PBXProject "UpYourDictionary" */ = {
			isa = XCConfigurationList;
			buildConfigurations = (
				8458945D1CE8BC3800D4FE35 /* Debug */,
				8458945E1CE8BC3800D4FE35 /* Release */,
			);
			defaultConfigurationIsVisible = 0;
			defaultConfigurationName = Release;
		};
		8458945F1CE8BC3800D4FE35 /* Build configuration list for PBXNativeTarget "UpYourDictionary" */ = {
			isa = XCConfigurationList;
			buildConfigurations = (
				845894601CE8BC3800D4FE35 /* Debug */,
				845894611CE8BC3800D4FE35 /* Release */,
			);
			defaultConfigurationIsVisible = 0;
			defaultConfigurationName = Release;
		};
		845894621CE8BC3800D4FE35 /* Build configuration list for PBXNativeTarget "UpYourDictionaryTests" */ = {
			isa = XCConfigurationList;
			buildConfigurations = (
				845894631CE8BC3800D4FE35 /* Debug */,
				845894641CE8BC3800D4FE35 /* Release */,
			);
			defaultConfigurationIsVisible = 0;
			defaultConfigurationName = Release;
		};
		845894651CE8BC3800D4FE35 /* Build configuration list for PBXNativeTarget "UpYourDictionaryUITests" */ = {
			isa = XCConfigurationList;
			buildConfigurations = (
				845894661CE8BC3800D4FE35 /* Debug */,
				845894671CE8BC3800D4FE35 /* Release */,
			);
			defaultConfigurationIsVisible = 0;
			defaultConfigurationName = Release;
		};
/* End XCConfigurationList section */

/* Begin XCVersionGroup section */
		8458943E1CE8BC3800D4FE35 /* UpYourDictionary.xcdatamodeld */ = {
			isa = XCVersionGroup;
			children = (
				8458943F1CE8BC3800D4FE35 /* UpYourDictionary.xcdatamodel */,
			);
			currentVersion = 8458943F1CE8BC3800D4FE35 /* UpYourDictionary.xcdatamodel */;
			path = UpYourDictionary.xcdatamodeld;
			sourceTree = "<group>";
			versionGroupType = wrapper.xcdatamodel;
		};
/* End XCVersionGroup section */
	};
	rootObject = 845894271CE8BC3800D4FE35 /* Project object */;
}
